
Microsoft Visual Studio Solution File, Format Version 12.00
# Visual Studio Version 17
VisualStudioVersion = 17.7.34221.43
MinimumVisualStudioVersion = 10.0.40219.1
Project("{FAE04EC0-301F-11D3-BF4B-00C04F79EFBC}") = "BowlFrame", "BowlFrame\BowlFrame.csproj", "{9D55220C-C9A3-41E9-9842-9F247BFB6A0C}"
EndProject
Project("{FAE04EC0-301F-11D3-BF4B-00C04F79EFBC}") = "CocoaFunc", "CocoaFunc\CocoaFunc.csproj", "{E32BC48A-C1AA-4BF3-8A8B-7797FEEBA3E8}"
	ProjectSection(ProjectDependencies) = postProject
		{9D55220C-C9A3-41E9-9842-9F247BFB6A0C} = {9D55220C-C9A3-41E9-9842-9F247BFB6A0C}
	EndProjectSection
EndProject
Global
	GlobalSection(SolutionConfigurationPlatforms) = preSolution
		Debug|Any CPU = Debug|Any CPU
		Release|Any CPU = Release|Any CPU
	EndGlobalSection
	GlobalSection(ProjectConfigurationPlatforms) = postSolution
		{9D55220C-C9A3-41E9-9842-9F247BFB6A0C}.Debug|Any CPU.ActiveCfg = Debug|Any CPU
		{9D55220C-C9A3-41E9-9842-9F247BFB6A0C}.Debug|Any CPU.Build.0 = Debug|Any CPU
		{9D55220C-C9A3-41E9-9842-9F247BFB6A0C}.Release|Any CPU.ActiveCfg = Release|Any CPU
		{9D55220C-C9A3-41E9-9842-9F247BFB6A0C}.Release|Any CPU.Build.0 = Release|Any CPU
		{E32BC48A-C1AA-4BF3-8A8B-7797FEEBA3E8}.Debug|Any CPU.ActiveCfg = Debug|Any CPU
		{E32BC48A-C1AA-4BF3-8A8B-7797FEEBA3E8}.Debug|Any CPU.Build.0 = Debug|Any CPU
		{E32BC48A-C1AA-4BF3-8A8B-7797FEEBA3E8}.Release|Any CPU.ActiveCfg = Release|Any CPU
		{E32BC48A-C1AA-4BF3-8A8B-7797FEEBA3E8}.Release|Any CPU.Build.0 = Release|Any CPU
	EndGlobalSection
	GlobalSection(SolutionProperties) = preSolution
		HideSolutionNode = FALSE
	EndGlobalSection
	GlobalSection(ExtensibilityGlobals) = postSolution
		SolutionGuid = {7F259CFE-6B53-4E1F-8CAA-64B0629ACC9C}
	EndGlobalSection
EndGlobal
